
Microsoft Visual Studio Solution File, Format Version 12.00
# Visual Studio Version 17
VisualStudioVersion = 17.5.33502.453
MinimumVisualStudioVersion = 10.0.40219.1
Project("{9A19103F-16F7-4668-BE54-9A1E7A4F7556}") = "Core_API", "Core_API\Core_API.csproj", "{A15232D8-6BA5-45DF-B4A4-FDEFCEC12C9A}"
EndProject
Project("{2150E333-8FDC-42A3-9474-1A3956D46DE8}") = "Solution Items", "Solution Items", "{0A3E8CCA-DA4A-48DF-9769-4D08DF2A21DC}"
	ProjectSection(SolutionItems) = preProject
		readme.md = readme.md
	EndProjectSection
EndProject
Project("{FAE04EC0-301F-11D3-BF4B-00C04F79EFBC}") = "CategoryService", "CategoryService\CategoryService.csproj", "{EC92FB7C-750D-4385-8A69-A5E56F112D18}"
EndProject
Global
	GlobalSection(SolutionConfigurationPlatforms) = preSolution
		Debug|Any CPU = Debug|Any CPU
		Release|Any CPU = Release|Any CPU
	EndGlobalSection
	GlobalSection(ProjectConfigurationPlatforms) = postSolution
		{A15232D8-6BA5-45DF-B4A4-FDEFCEC12C9A}.Debug|Any CPU.ActiveCfg = Debug|Any CPU
		{A15232D8-6BA5-45DF-B4A4-FDEFCEC12C9A}.Debug|Any CPU.Build.0 = Debug|Any CPU
		{A15232D8-6BA5-45DF-B4A4-FDEFCEC12C9A}.Release|Any CPU.ActiveCfg = Release|Any CPU
		{A15232D8-6BA5-45DF-B4A4-FDEFCEC12C9A}.Release|Any CPU.Build.0 = Release|Any CPU
		{EC92FB7C-750D-4385-8A69-A5E56F112D18}.Debug|Any CPU.ActiveCfg = Debug|Any CPU
		{EC92FB7C-750D-4385-8A69-A5E56F112D18}.Debug|Any CPU.Build.0 = Debug|Any CPU
		{EC92FB7C-750D-4385-8A69-A5E56F112D18}.Release|Any CPU.ActiveCfg = Release|Any CPU
		{EC92FB7C-750D-4385-8A69-A5E56F112D18}.Release|Any CPU.Build.0 = Release|Any CPU
	EndGlobalSection
	GlobalSection(SolutionProperties) = preSolution
		HideSolutionNode = FALSE
	EndGlobalSection
	GlobalSection(ExtensibilityGlobals) = postSolution
		SolutionGuid = {B79C4632-D867-4FA7-AF2E-3F717962DE49}
	EndGlobalSection
EndGlobal
